// !$*UTF8*$!
{
	archiveVersion = 1;
	classes = {
	};
	objectVersion = 46;
	objects = {

/* Begin PBXBuildFile section */
		910E7F141DAB6A7F001AF96D /* CountriesTableViewController.swift in Sources */ = {isa = PBXBuildFile; fileRef = 910E7F131DAB6A7F001AF96D /* CountriesTableViewController.swift */; };
		910E7F151DAB6A7F001AF96D /* CountriesTableViewController.swift in Sources */ = {isa = PBXBuildFile; fileRef = 910E7F131DAB6A7F001AF96D /* CountriesTableViewController.swift */; };
		910E7F161DAB6A7F001AF96D /* CountriesTableViewController.swift in Sources */ = {isa = PBXBuildFile; fileRef = 910E7F131DAB6A7F001AF96D /* CountriesTableViewController.swift */; };
		910E7F181DAB6A99001AF96D /* CitiesTableViewController.swift in Sources */ = {isa = PBXBuildFile; fileRef = 910E7F171DAB6A99001AF96D /* CitiesTableViewController.swift */; };
		910E7F191DAB6A99001AF96D /* CitiesTableViewController.swift in Sources */ = {isa = PBXBuildFile; fileRef = 910E7F171DAB6A99001AF96D /* CitiesTableViewController.swift */; };
		910E7F1A1DAB6A99001AF96D /* CitiesTableViewController.swift in Sources */ = {isa = PBXBuildFile; fileRef = 910E7F171DAB6A99001AF96D /* CitiesTableViewController.swift */; };
		917CBFB11DAA90A50055AEAA /* AppDelegate.swift in Sources */ = {isa = PBXBuildFile; fileRef = 917CBFB01DAA90A50055AEAA /* AppDelegate.swift */; };
		917CBFB61DAA90A50055AEAA /* Main.storyboard in Resources */ = {isa = PBXBuildFile; fileRef = 917CBFB41DAA90A50055AEAA /* Main.storyboard */; };
		917CBFB81DAA90A50055AEAA /* Assets.xcassets in Resources */ = {isa = PBXBuildFile; fileRef = 917CBFB71DAA90A50055AEAA /* Assets.xcassets */; };
		917CBFBB1DAA90A50055AEAA /* LaunchScreen.storyboard in Resources */ = {isa = PBXBuildFile; fileRef = 917CBFB91DAA90A50055AEAA /* LaunchScreen.storyboard */; };
		917CBFC61DAA90A50055AEAA /* CountriesAndCitiesTests.swift in Sources */ = {isa = PBXBuildFile; fileRef = 917CBFC51DAA90A50055AEAA /* CountriesAndCitiesTests.swift */; };
		917CBFD11DAA90A50055AEAA /* CountriesAndCitiesUITests.swift in Sources */ = {isa = PBXBuildFile; fileRef = 917CBFD01DAA90A50055AEAA /* CountriesAndCitiesUITests.swift */; };
/* End PBXBuildFile section */

/* Begin PBXContainerItemProxy section */
		917CBFC21DAA90A50055AEAA /* PBXContainerItemProxy */ = {
			isa = PBXContainerItemProxy;
			containerPortal = 917CBFA51DAA90A40055AEAA /* Project object */;
			proxyType = 1;
			remoteGlobalIDString = 917CBFAC1DAA90A40055AEAA;
			remoteInfo = CountriesAndCities;
		};
		917CBFCD1DAA90A50055AEAA /* PBXContainerItemProxy */ = {
			isa = PBXContainerItemProxy;
			containerPortal = 917CBFA51DAA90A40055AEAA /* Project object */;
			proxyType = 1;
			remoteGlobalIDString = 917CBFAC1DAA90A40055AEAA;
			remoteInfo = CountriesAndCities;
		};
/* End PBXContainerItemProxy section */

/* Begin PBXFileReference section */
		910E7F131DAB6A7F001AF96D /* CountriesTableViewController.swift */ = {isa = PBXFileReference; fileEncoding = 4; lastKnownFileType = sourcecode.swift; path = CountriesTableViewController.swift; sourceTree = "<group>"; };
		910E7F171DAB6A99001AF96D /* CitiesTableViewController.swift */ = {isa = PBXFileReference; fileEncoding = 4; lastKnownFileType = sourcecode.swift; path = CitiesTableViewController.swift; sourceTree = "<group>"; };
		917CBFAD1DAA90A50055AEAA /* CountriesAndCities.app */ = {isa = PBXFileReference; explicitFileType = wrapper.application; includeInIndex = 0; path = CountriesAndCities.app; sourceTree = BUILT_PRODUCTS_DIR; };
		917CBFB01DAA90A50055AEAA /* AppDelegate.swift */ = {isa = PBXFileReference; lastKnownFileType = sourcecode.swift; path = AppDelegate.swift; sourceTree = "<group>"; };
		917CBFB51DAA90A50055AEAA /* Base */ = {isa = PBXFileReference; lastKnownFileType = file.storyboard; name = Base; path = Base.lproj/Main.storyboard; sourceTree = "<group>"; };
		917CBFB71DAA90A50055AEAA /* Assets.xcassets */ = {isa = PBXFileReference; lastKnownFileType = folder.assetcatalog; path = Assets.xcassets; sourceTree = "<group>"; };
		917CBFBA1DAA90A50055AEAA /* Base */ = {isa = PBXFileReference; lastKnownFileType = file.storyboard; name = Base; path = Base.lproj/LaunchScreen.storyboard; sourceTree = "<group>"; };
		917CBFBC1DAA90A50055AEAA /* Info.plist */ = {isa = PBXFileReference; lastKnownFileType = text.plist.xml; path = Info.plist; sourceTree = "<group>"; };
		917CBFC11DAA90A50055AEAA /* CountriesAndCitiesTests.xctest */ = {isa = PBXFileReference; explicitFileType = wrapper.cfbundle; includeInIndex = 0; path = CountriesAndCitiesTests.xctest; sourceTree = BUILT_PRODUCTS_DIR; };
		917CBFC51DAA90A50055AEAA /* CountriesAndCitiesTests.swift */ = {isa = PBXFileReference; lastKnownFileType = sourcecode.swift; path = CountriesAndCitiesTests.swift; sourceTree = "<group>"; };
		917CBFC71DAA90A50055AEAA /* Info.plist */ = {isa = PBXFileReference; lastKnownFileType = text.plist.xml; path = Info.plist; sourceTree = "<group>"; };
		917CBFCC1DAA90A50055AEAA /* CountriesAndCitiesUITests.xctest */ = {isa = PBXFileReference; explicitFileType = wrapper.cfbundle; includeInIndex = 0; path = CountriesAndCitiesUITests.xctest; sourceTree = BUILT_PRODUCTS_DIR; };
		917CBFD01DAA90A50055AEAA /* CountriesAndCitiesUITests.swift */ = {isa = PBXFileReference; lastKnownFileType = sourcecode.swift; path = CountriesAndCitiesUITests.swift; sourceTree = "<group>"; };
		917CBFD21DAA90A50055AEAA /* Info.plist */ = {isa = PBXFileReference; lastKnownFileType = text.plist.xml; path = Info.plist; sourceTree = "<group>"; };
/* End PBXFileReference section */

/* Begin PBXFrameworksBuildPhase section */
		917CBFAA1DAA90A40055AEAA /* Frameworks */ = {
			isa = PBXFrameworksBuildPhase;
			buildActionMask = 2147483647;
			files = (
			);
			runOnlyForDeploymentPostprocessing = 0;
		};
		917CBFBE1DAA90A50055AEAA /* Frameworks */ = {
			isa = PBXFrameworksBuildPhase;
			buildActionMask = 2147483647;
			files = (
			);
			runOnlyForDeploymentPostprocessing = 0;
		};
		917CBFC91DAA90A50055AEAA /* Frameworks */ = {
			isa = PBXFrameworksBuildPhase;
			buildActionMask = 2147483647;
			files = (
			);
			runOnlyForDeploymentPostprocessing = 0;
		};
/* End PBXFrameworksBuildPhase section */

/* Begin PBXGroup section */
		917CBFA41DAA90A40055AEAA = {
			isa = PBXGroup;
			children = (
				917CBFAF1DAA90A50055AEAA /* CountriesAndCities */,
				917CBFC41DAA90A50055AEAA /* CountriesAndCitiesTests */,
				917CBFCF1DAA90A50055AEAA /* CountriesAndCitiesUITests */,
				917CBFAE1DAA90A50055AEAA /* Products */,
			);
			sourceTree = "<group>";
		};
		917CBFAE1DAA90A50055AEAA /* Products */ = {
			isa = PBXGroup;
			children = (
				917CBFAD1DAA90A50055AEAA /* CountriesAndCities.app */,
				917CBFC11DAA90A50055AEAA /* CountriesAndCitiesTests.xctest */,
				917CBFCC1DAA90A50055AEAA /* CountriesAndCitiesUITests.xctest */,
			);
			name = Products;
			sourceTree = "<group>";
		};
		917CBFAF1DAA90A50055AEAA /* CountriesAndCities */ = {
			isa = PBXGroup;
			children = (
				917CBFB01DAA90A50055AEAA /* AppDelegate.swift */,
				917CBFB41DAA90A50055AEAA /* Main.storyboard */,
				917CBFB71DAA90A50055AEAA /* Assets.xcassets */,
				917CBFB91DAA90A50055AEAA /* LaunchScreen.storyboard */,
				917CBFBC1DAA90A50055AEAA /* Info.plist */,
				910E7F131DAB6A7F001AF96D /* CountriesTableViewController.swift */,
				910E7F171DAB6A99001AF96D /* CitiesTableViewController.swift */,
			);
			path = CountriesAndCities;
			sourceTree = "<group>";
		};
		917CBFC41DAA90A50055AEAA /* CountriesAndCitiesTests */ = {
			isa = PBXGroup;
			children = (
				917CBFC51DAA90A50055AEAA /* CountriesAndCitiesTests.swift */,
				917CBFC71DAA90A50055AEAA /* Info.plist */,
			);
			path = CountriesAndCitiesTests;
			sourceTree = "<group>";
		};
		917CBFCF1DAA90A50055AEAA /* CountriesAndCitiesUITests */ = {
			isa = PBXGroup;
			children = (
				917CBFD01DAA90A50055AEAA /* CountriesAndCitiesUITests.swift */,
				917CBFD21DAA90A50055AEAA /* Info.plist */,
			);
			path = CountriesAndCitiesUITests;
			sourceTree = "<group>";
		};
/* End PBXGroup section */

/* Begin PBXNativeTarget section */
		917CBFAC1DAA90A40055AEAA /* CountriesAndCities */ = {
			isa = PBXNativeTarget;
			buildConfigurationList = 917CBFD51DAA90A50055AEAA /* Build configuration list for PBXNativeTarget "CountriesAndCities" */;
			buildPhases = (
				917CBFA91DAA90A40055AEAA /* Sources */,
				917CBFAA1DAA90A40055AEAA /* Frameworks */,
				917CBFAB1DAA90A40055AEAA /* Resources */,
			);
			buildRules = (
			);
			dependencies = (
			);
			name = CountriesAndCities;
			productName = CountriesAndCities;
			productReference = 917CBFAD1DAA90A50055AEAA /* CountriesAndCities.app */;
			productType = "com.apple.product-type.application";
		};
		917CBFC01DAA90A50055AEAA /* CountriesAndCitiesTests */ = {
			isa = PBXNativeTarget;
			buildConfigurationList = 917CBFD81DAA90A50055AEAA /* Build configuration list for PBXNativeTarget "CountriesAndCitiesTests" */;
			buildPhases = (
				917CBFBD1DAA90A50055AEAA /* Sources */,
				917CBFBE1DAA90A50055AEAA /* Frameworks */,
				917CBFBF1DAA90A50055AEAA /* Resources */,
			);
			buildRules = (
			);
			dependencies = (
				917CBFC31DAA90A50055AEAA /* PBXTargetDependency */,
			);
			name = CountriesAndCitiesTests;
			productName = CountriesAndCitiesTests;
			productReference = 917CBFC11DAA90A50055AEAA /* CountriesAndCitiesTests.xctest */;
			productType = "com.apple.product-type.bundle.unit-test";
		};
		917CBFCB1DAA90A50055AEAA /* CountriesAndCitiesUITests */ = {
			isa = PBXNativeTarget;
			buildConfigurationList = 917CBFDB1DAA90A50055AEAA /* Build configuration list for PBXNativeTarget "CountriesAndCitiesUITests" */;
			buildPhases = (
				917CBFC81DAA90A50055AEAA /* Sources */,
				917CBFC91DAA90A50055AEAA /* Frameworks */,
				917CBFCA1DAA90A50055AEAA /* Resources */,
			);
			buildRules = (
			);
			dependencies = (
				917CBFCE1DAA90A50055AEAA /* PBXTargetDependency */,
			);
			name = CountriesAndCitiesUITests;
			productName = CountriesAndCitiesUITests;
			productReference = 917CBFCC1DAA90A50055AEAA /* CountriesAndCitiesUITests.xctest */;
			productType = "com.apple.product-type.bundle.ui-testing";
		};
/* End PBXNativeTarget section */

/* Begin PBXProject section */
		917CBFA51DAA90A40055AEAA /* Project object */ = {
			isa = PBXProject;
			attributes = {
				LastSwiftUpdateCheck = 0800;
				LastUpgradeCheck = 0800;
				ORGANIZATIONNAME = "ASM Technology Ltd.";
				TargetAttributes = {
					917CBFAC1DAA90A40055AEAA = {
						CreatedOnToolsVersion = 8.0;
						DevelopmentTeam = R53MV2MVHS;
						ProvisioningStyle = Manual;
					};
					917CBFC01DAA90A50055AEAA = {
						CreatedOnToolsVersion = 8.0;
						ProvisioningStyle = Automatic;
						TestTargetID = 917CBFAC1DAA90A40055AEAA;
					};
					917CBFCB1DAA90A50055AEAA = {
						CreatedOnToolsVersion = 8.0;
						DevelopmentTeam = R53MV2MVHS;
						ProvisioningStyle = Manual;
						TestTargetID = 917CBFAC1DAA90A40055AEAA;
					};
				};
			};
			buildConfigurationList = 917CBFA81DAA90A40055AEAA /* Build configuration list for PBXProject "CountriesAndCities" */;
			compatibilityVersion = "Xcode 3.2";
			developmentRegion = English;
			hasScannedForEncodings = 0;
			knownRegions = (
				en,
				Base,
			);
			mainGroup = 917CBFA41DAA90A40055AEAA;
			productRefGroup = 917CBFAE1DAA90A50055AEAA /* Products */;
			projectDirPath = "";
			projectRoot = "";
			targets = (
				917CBFAC1DAA90A40055AEAA /* CountriesAndCities */,
				917CBFC01DAA90A50055AEAA /* CountriesAndCitiesTests */,
				917CBFCB1DAA90A50055AEAA /* CountriesAndCitiesUITests */,
			);
		};
/* End PBXProject section */

/* Begin PBXResourcesBuildPhase section */
		917CBFAB1DAA90A40055AEAA /* Resources */ = {
			isa = PBXResourcesBuildPhase;
			buildActionMask = 2147483647;
			files = (
				917CBFBB1DAA90A50055AEAA /* LaunchScreen.storyboard in Resources */,
				917CBFB81DAA90A50055AEAA /* Assets.xcassets in Resources */,
				917CBFB61DAA90A50055AEAA /* Main.storyboard in Resources */,
			);
			runOnlyForDeploymentPostprocessing = 0;
		};
		917CBFBF1DAA90A50055AEAA /* Resources */ = {
			isa = PBXResourcesBuildPhase;
			buildActionMask = 2147483647;
			files = (
			);
			runOnlyForDeploymentPostprocessing = 0;
		};
		917CBFCA1DAA90A50055AEAA /* Resources */ = {
			isa = PBXResourcesBuildPhase;
			buildActionMask = 2147483647;
			files = (
			);
			runOnlyForDeploymentPostprocessing = 0;
		};
/* End PBXResourcesBuildPhase section */

/* Begin PBXSourcesBuildPhase section */
		917CBFA91DAA90A40055AEAA /* Sources */ = {
			isa = PBXSourcesBuildPhase;
			buildActionMask = 2147483647;
			files = (
				910E7F181DAB6A99001AF96D /* CitiesTableViewController.swift in Sources */,
				910E7F141DAB6A7F001AF96D /* CountriesTableViewController.swift in Sources */,
				917CBFB11DAA90A50055AEAA /* AppDelegate.swift in Sources */,
			);
			runOnlyForDeploymentPostprocessing = 0;
		};
		917CBFBD1DAA90A50055AEAA /* Sources */ = {
			isa = PBXSourcesBuildPhase;
			buildActionMask = 2147483647;
			files = (
				910E7F191DAB6A99001AF96D /* CitiesTableViewController.swift in Sources */,
				917CBFC61DAA90A50055AEAA /* CountriesAndCitiesTests.swift in Sources */,
				910E7F151DAB6A7F001AF96D /* CountriesTableViewController.swift in Sources */,
			);
			runOnlyForDeploymentPostprocessing = 0;
		};
		917CBFC81DAA90A50055AEAA /* Sources */ = {
			isa = PBXSourcesBuildPhase;
			buildActionMask = 2147483647;
			files = (
				910E7F1A1DAB6A99001AF96D /* CitiesTableViewController.swift in Sources */,
				917CBFD11DAA90A50055AEAA /* CountriesAndCitiesUITests.swift in Sources */,
				910E7F161DAB6A7F001AF96D /* CountriesTableViewController.swift in Sources */,
			);
			runOnlyForDeploymentPostprocessing = 0;
		};
/* End PBXSourcesBuildPhase section */

/* Begin PBXTargetDependency section */
		917CBFC31DAA90A50055AEAA /* PBXTargetDependency */ = {
			isa = PBXTargetDependency;
			target = 917CBFAC1DAA90A40055AEAA /* CountriesAndCities */;
			targetProxy = 917CBFC21DAA90A50055AEAA /* PBXContainerItemProxy */;
		};
		917CBFCE1DAA90A50055AEAA /* PBXTargetDependency */ = {
			isa = PBXTargetDependency;
			target = 917CBFAC1DAA90A40055AEAA /* CountriesAndCities */;
			targetProxy = 917CBFCD1DAA90A50055AEAA /* PBXContainerItemProxy */;
		};
/* End PBXTargetDependency section */

/* Begin PBXVariantGroup section */
		917CBFB41DAA90A50055AEAA /* Main.storyboard */ = {
			isa = PBXVariantGroup;
			children = (
				917CBFB51DAA90A50055AEAA /* Base */,
			);
			name = Main.storyboard;
			sourceTree = "<group>";
		};
		917CBFB91DAA90A50055AEAA /* LaunchScreen.storyboard */ = {
			isa = PBXVariantGroup;
			children = (
				917CBFBA1DAA90A50055AEAA /* Base */,
			);
			name = LaunchScreen.storyboard;
			sourceTree = "<group>";
		};
/* End PBXVariantGroup section */

/* Begin XCBuildConfiguration section */
		917CBFD31DAA90A50055AEAA /* Debug */ = {
			isa = XCBuildConfiguration;
			buildSettings = {
				ALWAYS_SEARCH_USER_PATHS = NO;
				CLANG_ANALYZER_NONNULL = YES;
				CLANG_CXX_LANGUAGE_STANDARD = "gnu++0x";
				CLANG_CXX_LIBRARY = "libc++";
				CLANG_ENABLE_MODULES = YES;
				CLANG_ENABLE_OBJC_ARC = YES;
				CLANG_WARN_BOOL_CONVERSION = YES;
				CLANG_WARN_CONSTANT_CONVERSION = YES;
				CLANG_WARN_DIRECT_OBJC_ISA_USAGE = YES_ERROR;
				CLANG_WARN_DOCUMENTATION_COMMENTS = YES;
				CLANG_WARN_EMPTY_BODY = YES;
				CLANG_WARN_ENUM_CONVERSION = YES;
				CLANG_WARN_INFINITE_RECURSION = YES;
				CLANG_WARN_INT_CONVERSION = YES;
				CLANG_WARN_OBJC_ROOT_CLASS = YES_ERROR;
				CLANG_WARN_SUSPICIOUS_MOVES = YES;
				CLANG_WARN_UNREACHABLE_CODE = YES;
				CLANG_WARN__DUPLICATE_METHOD_MATCH = YES;
				CODE_SIGN_IDENTITY = "iPhone Developer: Abhishek Mishra (EPE8F6H2MD)";
				"CODE_SIGN_IDENTITY[sdk=iphoneos*]" = "iPhone Developer: Abhishek Mishra (EPE8F6H2MD)";
				COPY_PHASE_STRIP = NO;
				DEBUG_INFORMATION_FORMAT = dwarf;
				ENABLE_STRICT_OBJC_MSGSEND = YES;
				ENABLE_TESTABILITY = YES;
				GCC_C_LANGUAGE_STANDARD = gnu99;
				GCC_DYNAMIC_NO_PIC = NO;
				GCC_NO_COMMON_BLOCKS = YES;
				GCC_OPTIMIZATION_LEVEL = 0;
				GCC_PREPROCESSOR_DEFINITIONS = (
					"DEBUG=1",
					"$(inherited)",
				);
				GCC_WARN_64_TO_32_BIT_CONVERSION = YES;
				GCC_WARN_ABOUT_RETURN_TYPE = YES_ERROR;
				GCC_WARN_UNDECLARED_SELECTOR = YES;
				GCC_WARN_UNINITIALIZED_AUTOS = YES_AGGRESSIVE;
				GCC_WARN_UNUSED_FUNCTION = YES;
				GCC_WARN_UNUSED_VARIABLE = YES;
				IPHONEOS_DEPLOYMENT_TARGET = 10.0;
				MTL_ENABLE_DEBUG_INFO = YES;
				ONLY_ACTIVE_ARCH = YES;
				PROVISIONING_PROFILE = "";
				SDKROOT = iphoneos;
				SWIFT_ACTIVE_COMPILATION_CONDITIONS = DEBUG;
				SWIFT_OPTIMIZATION_LEVEL = "-Onone";
				TARGETED_DEVICE_FAMILY = "1,2";
			};
			name = Debug;
		};
		917CBFD41DAA90A50055AEAA /* Release */ = {
			isa = XCBuildConfiguration;
			buildSettings = {
				ALWAYS_SEARCH_USER_PATHS = NO;
				CLANG_ANALYZER_NONNULL = YES;
				CLANG_CXX_LANGUAGE_STANDARD = "gnu++0x";
				CLANG_CXX_LIBRARY = "libc++";
				CLANG_ENABLE_MODULES = YES;
				CLANG_ENABLE_OBJC_ARC = YES;
				CLANG_WARN_BOOL_CONVERSION = YES;
				CLANG_WARN_CONSTANT_CONVERSION = YES;
				CLANG_WARN_DIRECT_OBJC_ISA_USAGE = YES_ERROR;
				CLANG_WARN_DOCUMENTATION_COMMENTS = YES;
				CLANG_WARN_EMPTY_BODY = YES;
				CLANG_WARN_ENUM_CONVERSION = YES;
				CLANG_WARN_INFINITE_RECURSION = YES;
				CLANG_WARN_INT_CONVERSION = YES;
				CLANG_WARN_OBJC_ROOT_CLASS = YES_ERROR;
				CLANG_WARN_SUSPICIOUS_MOVES = YES;
				CLANG_WARN_UNREACHABLE_CODE = YES;
				CLANG_WARN__DUPLICATE_METHOD_MATCH = YES;
				"CODE_SIGN_IDENTITY[sdk=iphoneos*]" = "iPhone Developer";
				COPY_PHASE_STRIP = NO;
				DEBUG_INFORMATION_FORMAT = "dwarf-with-dsym";
				ENABLE_NS_ASSERTIONS = NO;
				ENABLE_STRICT_OBJC_MSGSEND = YES;
				GCC_C_LANGUAGE_STANDARD = gnu99;
				GCC_NO_COMMON_BLOCKS = YES;
				GCC_WARN_64_TO_32_BIT_CONVERSION = YES;
				GCC_WARN_ABOUT_RETURN_TYPE = YES_ERROR;
				GCC_WARN_UNDECLARED_SELECTOR = YES;
				GCC_WARN_UNINITIALIZED_AUTOS = YES_AGGRESSIVE;
				GCC_WARN_UNUSED_FUNCTION = YES;
				GCC_WARN_UNUSED_VARIABLE = YES;
				IPHONEOS_DEPLOYMENT_TARGET = 10.0;
				MTL_ENABLE_DEBUG_INFO = NO;
				PROVISIONING_PROFILE = "";
				SDKROOT = iphoneos;
				SWIFT_OPTIMIZATION_LEVEL = "-Owholemodule";
				TARGETED_DEVICE_FAMILY = "1,2";
				VALIDATE_PRODUCT = YES;
			};
			name = Release;
		};
		917CBFD61DAA90A50055AEAA /* Debug */ = {
			isa = XCBuildConfiguration;
			buildSettings = {
				ASSETCATALOG_COMPILER_APPICON_NAME = AppIcon;
				DEVELOPMENT_TEAM = R53MV2MVHS;
				INFOPLIST_FILE = CountriesAndCities/Info.plist;
				LD_RUNPATH_SEARCH_PATHS = "$(inherited) @executable_path/Frameworks";
				PRODUCT_BUNDLE_IDENTIFIER = com.asmtechnology.CountriesAndCities;
				PRODUCT_NAME = "$(TARGET_NAME)";
				PROVISIONING_PROFILE = "24074a7f-c428-4d73-b8e9-3f5278e08e8a";
				PROVISIONING_PROFILE_SPECIFIER = "Development Provisioning Profile";
				SWIFT_VERSION = 3.0;
			};
			name = Debug;
		};
		917CBFD71DAA90A50055AEAA /* Release */ = {
			isa = XCBuildConfiguration;
			buildSettings = {
				ASSETCATALOG_COMPILER_APPICON_NAME = AppIcon;
				DEVELOPMENT_TEAM = R53MV2MVHS;
				INFOPLIST_FILE = CountriesAndCities/Info.plist;
				LD_RUNPATH_SEARCH_PATHS = "$(inherited) @executable_path/Frameworks";
				PRODUCT_BUNDLE_IDENTIFIER = com.asmtechnology.CountriesAndCities;
				PRODUCT_NAME = "$(TARGET_NAME)";
				PROVISIONING_PROFILE = "24074a7f-c428-4d73-b8e9-3f5278e08e8a";
				PROVISIONING_PROFILE_SPECIFIER = "Development Provisioning Profile";
				SWIFT_VERSION = 3.0;
			};
			name = Release;
		};
		917CBFD91DAA90A50055AEAA /* Debug */ = {
			isa = XCBuildConfiguration;
			buildSettings = {
				ALWAYS_EMBED_SWIFT_STANDARD_LIBRARIES = YES;
				BUNDLE_LOADER = "$(TEST_HOST)";
				INFOPLIST_FILE = CountriesAndCitiesTests/Info.plist;
				LD_RUNPATH_SEARCH_PATHS = "$(inherited) @executable_path/Frameworks @loader_path/Frameworks";
				PRODUCT_BUNDLE_IDENTIFIER = com.asmtechnology.CountriesAndCitiesTests;
				PRODUCT_NAME = "$(TARGET_NAME)";
				SWIFT_VERSION = 3.0;
				TEST_HOST = "$(BUILT_PRODUCTS_DIR)/CountriesAndCities.app/CountriesAndCities";
			};
			name = Debug;
		};
		917CBFDA1DAA90A50055AEAA /* Release */ = {
			isa = XCBuildConfiguration;
			buildSettings = {
				ALWAYS_EMBED_SWIFT_STANDARD_LIBRARIES = YES;
				BUNDLE_LOADER = "$(TEST_HOST)";
				INFOPLIST_FILE = CountriesAndCitiesTests/Info.plist;
				LD_RUNPATH_SEARCH_PATHS = "$(inherited) @executable_path/Frameworks @loader_path/Frameworks";
				PRODUCT_BUNDLE_IDENTIFIER = com.asmtechnology.CountriesAndCitiesTests;
				PRODUCT_NAME = "$(TARGET_NAME)";
				SWIFT_VERSION = 3.0;
				TEST_HOST = "$(BUILT_PRODUCTS_DIR)/CountriesAndCities.app/CountriesAndCities";
			};
			name = Release;
		};
		917CBFDC1DAA90A50055AEAA /* Debug */ = {
			isa = XCBuildConfiguration;
			buildSettings = {
				ALWAYS_EMBED_SWIFT_STANDARD_LIBRARIES = YES;
				DEVELOPMENT_TEAM = R53MV2MVHS;
				INFOPLIST_FILE = CountriesAndCitiesUITests/Info.plist;
				LD_RUNPATH_SEARCH_PATHS = "$(inherited) @executable_path/Frameworks @loader_path/Frameworks";
				PRODUCT_BUNDLE_IDENTIFIER = com.asmtechnology.CountriesAndCitiesUITests;
				PRODUCT_NAME = "$(TARGET_NAME)";
				PROVISIONING_PROFILE = "24074a7f-c428-4d73-b8e9-3f5278e08e8a";
				PROVISIONING_PROFILE_SPECIFIER = "Development Provisioning Profile";
				SWIFT_VERSION = 3.0;
				TEST_TARGET_NAME = CountriesAndCities;
			};
			name = Debug;
		};
		917CBFDD1DAA90A50055AEAA /* Release */ = {
			isa = XCBuildConfiguration;
			buildSettings = {
				ALWAYS_EMBED_SWIFT_STANDARD_LIBRARIES = YES;
				DEVELOPMENT_TEAM = R53MV2MVHS;
				INFOPLIST_FILE = CountriesAndCitiesUITests/Info.plist;
				LD_RUNPATH_SEARCH_PATHS = "$(inherited) @executable_path/Frameworks @loader_path/Frameworks";
				PRODUCT_BUNDLE_IDENTIFIER = com.asmtechnology.CountriesAndCitiesUITests;
				PRODUCT_NAME = "$(TARGET_NAME)";
				PROVISIONING_PROFILE = "24074a7f-c428-4d73-b8e9-3f5278e08e8a";
				PROVISIONING_PROFILE_SPECIFIER = "Development Provisioning Profile";
				SWIFT_VERSION = 3.0;
				TEST_TARGET_NAME = CountriesAndCities;
			};
			name = Release;
		};
/* End XCBuildConfiguration section */

/* Begin XCConfigurationList section */
		917CBFA81DAA90A40055AEAA /* Build configuration list for PBXProject "CountriesAndCities" */ = {
			isa = XCConfigurationList;
			buildConfigurations = (
				917CBFD31DAA90A50055AEAA /* Debug */,
				917CBFD41DAA90A50055AEAA /* Release */,
			);
			defaultConfigurationIsVisible = 0;
			defaultConfigurationName = Release;
		};
		917CBFD51DAA90A50055AEAA /* Build configuration list for PBXNativeTarget "CountriesAndCities" */ = {
			isa = XCConfigurationList;
			buildConfigurations = (
				917CBFD61DAA90A50055AEAA /* Debug */,
				917CBFD71DAA90A50055AEAA /* Release */,
			);
			defaultConfigurationIsVisible = 0;
			defaultConfigurationName = Release;
		};
		917CBFD81DAA90A50055AEAA /* Build configuration list for PBXNativeTarget "CountriesAndCitiesTests" */ = {
			isa = XCConfigurationList;
			buildConfigurations = (
				917CBFD91DAA90A50055AEAA /* Debug */,
				917CBFDA1DAA90A50055AEAA /* Release */,
			);
			defaultConfigurationIsVisible = 0;
			defaultConfigurationName = Release;
		};
		917CBFDB1DAA90A50055AEAA /* Build configuration list for PBXNativeTarget "CountriesAndCitiesUITests" */ = {
			isa = XCConfigurationList;
			buildConfigurations = (
				917CBFDC1DAA90A50055AEAA /* Debug */,
				917CBFDD1DAA90A50055AEAA /* Release */,
			);
			defaultConfigurationIsVisible = 0;
			defaultConfigurationName = Release;
		};
/* End XCConfigurationList section */
	};
	rootObject = 917CBFA51DAA90A40055AEAA /* Project object */;
}
